
Microsoft Visual Studio Solution File, Format Version 12.00
# Visual Studio Version 17
VisualStudioVersion = 17.0.31903.59
MinimumVisualStudioVersion = 10.0.40219.1
Project("{FAE04EC0-301F-11D3-BF4B-00C04F79EFBC}") = "Application", "Application\Application.csproj", "{E936B4E5-5532-4F81-8188-34D879E02617}"
EndProject
Project("{FAE04EC0-301F-11D3-BF4B-00C04F79EFBC}") = "Tests", "Tests\Tests.csproj", "{25014365-336E-4663-B1E2-534FFA51EEB2}"
EndProject
Global
	GlobalSection(SolutionConfigurationPlatforms) = preSolution
		Debug|Any CPU = Debug|Any CPU
		Release|Any CPU = Release|Any CPU
	EndGlobalSection
	GlobalSection(SolutionProperties) = preSolution
		HideSolutionNode = FALSE
	EndGlobalSection
	GlobalSection(ProjectConfigurationPlatforms) = postSolution
		{E936B4E5-5532-4F81-8188-34D879E02617}.Debug|Any CPU.ActiveCfg = Debug|Any CPU
		{E936B4E5-5532-4F81-8188-34D879E02617}.Debug|Any CPU.Build.0 = Debug|Any CPU
		{E936B4E5-5532-4F81-8188-34D879E02617}.Release|Any CPU.ActiveCfg = Release|Any CPU
		{E936B4E5-5532-4F81-8188-34D879E02617}.Release|Any CPU.Build.0 = Release|Any CPU
		{25014365-336E-4663-B1E2-534FFA51EEB2}.Debug|Any CPU.ActiveCfg = Debug|Any CPU
		{25014365-336E-4663-B1E2-534FFA51EEB2}.Debug|Any CPU.Build.0 = Debug|Any CPU
		{25014365-336E-4663-B1E2-534FFA51EEB2}.Release|Any CPU.ActiveCfg = Release|Any CPU
		{25014365-336E-4663-B1E2-534FFA51EEB2}.Release|Any CPU.Build.0 = Release|Any CPU
	EndGlobalSection
EndGlobal
