{
  "name": "kata-bootstrap-dev-utils",
  "version": "1.0.0",
  "lockfileVersion": 2,
  "requires": true,
  "packages": {
    "": {
      "name": "kata-bootstrap-dev-utils",
      "version": "1.0.0",
      "license": "UNLICENSED",
      "dependencies": {
        "@devcontainers/cli": "^0.51.0",
        "yaml": "^2.2.1"
      }
    },
    "node_modules/@devcontainers/cli": {
      "version": "0.51.1",
      "resolved": "https://registry.npmjs.org/@devcontainers/cli/-/cli-0.51.1.tgz",
      "integrity": "sha512-+egByUq5JtmfMWqfijdleZIr1Jam0WivV5jIL5PTJK3UDPNAhNadgDqGPrFkrk5n5tqThFygt7zPJYJcAb1lDw==",
      "bin": {
        "devcontainer": "devcontainer.js"
      },
      "engines": {
        "node": "^16.13.0 || >=18.0.0"
      }
    },
    "node_modules/yaml": {
      "version": "2.3.1",
      "resolved": "https://registry.npmjs.org/yaml/-/yaml-2.3.1.tgz",
      "integrity": "sha512-2eHWfjaoXgTBC2jNM1LRef62VQa0umtvRiDSk6HSzW7RvS5YtkabJrwYLLEKWBc8a5U2PTSCs+dJjUTJdlHsWQ==",
      "engines": {
        "node": ">= 14"
      }
    }
  },
  "dependencies": {
    "@devcontainers/cli": {
      "version": "0.51.1",
      "resolved": "https://registry.npmjs.org/@devcontainers/cli/-/cli-0.51.1.tgz",
      "integrity": "sha512-+egByUq5JtmfMWqfijdleZIr1Jam0WivV5jIL5PTJK3UDPNAhNadgDqGPrFkrk5n5tqThFygt7zPJYJcAb1lDw=="
    },
    "yaml": {
      "version": "2.3.1",
      "resolved": "https://registry.npmjs.org/yaml/-/yaml-2.3.1.tgz",
      "integrity": "sha512-2eHWfjaoXgTBC2jNM1LRef62VQa0umtvRiDSk6HSzW7RvS5YtkabJrwYLLEKWBc8a5U2PTSCs+dJjUTJdlHsWQ=="
    }
  }
}
