{
  "name": "kata-bootstrap-dev-utils",
  "version": "1.0.0",
  "lockfileVersion": 2,
  "requires": true,
  "packages": {
    "": {
      "name": "kata-bootstrap-dev-utils",
      "version": "1.0.0",
      "license": "UNLICENSED",
      "dependencies": {
        "@devcontainers/cli": "^0.54.0",
        "yaml": "^2.2.1"
      }
    },
    "node_modules/@devcontainers/cli": {
      "version": "0.54.0",
      "resolved": "https://registry.npmjs.org/@devcontainers/cli/-/cli-0.54.0.tgz",
      "integrity": "sha512-GXv+k40xKAonwCCRrJpSiLcJk+MFKQRE/LEYhvA8gYmTkcp3l+UyRpdk5U/MPfyTunPzBqP0oI1ei2vzhgn0Vg==",
      "bin": {
        "devcontainer": "devcontainer.js"
      },
      "engines": {
        "node": "^16.13.0 || >=18.0.0"
      }
    },
    "node_modules/yaml": {
      "version": "2.3.4",
      "resolved": "https://registry.npmjs.org/yaml/-/yaml-2.3.4.tgz",
      "integrity": "sha512-8aAvwVUSHpfEqTQ4w/KMlf3HcRdt50E5ODIQJBw1fQ5RL34xabzxtUlzTXVqc4rkZsPbvrXKWnABCD7kWSmocA==",
      "engines": {
        "node": ">= 14"
      }
    }
  },
  "dependencies": {
    "@devcontainers/cli": {
      "version": "0.54.0",
      "resolved": "https://registry.npmjs.org/@devcontainers/cli/-/cli-0.54.0.tgz",
      "integrity": "sha512-GXv+k40xKAonwCCRrJpSiLcJk+MFKQRE/LEYhvA8gYmTkcp3l+UyRpdk5U/MPfyTunPzBqP0oI1ei2vzhgn0Vg=="
    },
    "yaml": {
      "version": "2.3.4",
      "resolved": "https://registry.npmjs.org/yaml/-/yaml-2.3.4.tgz",
      "integrity": "sha512-8aAvwVUSHpfEqTQ4w/KMlf3HcRdt50E5ODIQJBw1fQ5RL34xabzxtUlzTXVqc4rkZsPbvrXKWnABCD7kWSmocA=="
    }
  }
}
