{
  "name": "kata-bootstrap-dev-utils",
  "version": "1.0.0",
  "lockfileVersion": 2,
  "requires": true,
  "packages": {
    "": {
      "name": "kata-bootstrap-dev-utils",
      "version": "1.0.0",
      "license": "UNLICENSED",
      "dependencies": {
        "@devcontainers/cli": "^0.52.0",
        "yaml": "^2.2.1"
      }
    },
    "node_modules/@devcontainers/cli": {
      "version": "0.52.1",
      "resolved": "https://registry.npmjs.org/@devcontainers/cli/-/cli-0.52.1.tgz",
      "integrity": "sha512-sYK1cHHDVjdBIdxjMB8O668+qf0AAEJPMbeMR9ZTbUzXQBNke88vUOZ6DD9SjsqeE5es8SpWX6jV6gaItzJFyA==",
      "bin": {
        "devcontainer": "devcontainer.js"
      },
      "engines": {
        "node": "^16.13.0 || >=18.0.0"
      }
    },
    "node_modules/yaml": {
      "version": "2.3.4",
      "resolved": "https://registry.npmjs.org/yaml/-/yaml-2.3.4.tgz",
      "integrity": "sha512-8aAvwVUSHpfEqTQ4w/KMlf3HcRdt50E5ODIQJBw1fQ5RL34xabzxtUlzTXVqc4rkZsPbvrXKWnABCD7kWSmocA==",
      "engines": {
        "node": ">= 14"
      }
    }
  },
  "dependencies": {
    "@devcontainers/cli": {
      "version": "0.52.1",
      "resolved": "https://registry.npmjs.org/@devcontainers/cli/-/cli-0.52.1.tgz",
      "integrity": "sha512-sYK1cHHDVjdBIdxjMB8O668+qf0AAEJPMbeMR9ZTbUzXQBNke88vUOZ6DD9SjsqeE5es8SpWX6jV6gaItzJFyA=="
    },
    "yaml": {
      "version": "2.3.4",
      "resolved": "https://registry.npmjs.org/yaml/-/yaml-2.3.4.tgz",
      "integrity": "sha512-8aAvwVUSHpfEqTQ4w/KMlf3HcRdt50E5ODIQJBw1fQ5RL34xabzxtUlzTXVqc4rkZsPbvrXKWnABCD7kWSmocA=="
    }
  }
}
